
Microsoft Visual Studio Solution File, Format Version 12.00
# Visual Studio 15
VisualStudioVersion = 15.0.26730.12
MinimumVisualStudioVersion = 10.0.40219.1
Project("{FAE04EC0-301F-11D3-BF4B-00C04F79EFBC}") = "Automator", "Automator\Automator.csproj", "{64393A7E-91D3-40B7-A470-D5F27E41BAC4}"
EndProject
Global
	GlobalSection(SolutionConfigurationPlatforms) = preSolution
		Debug|Any CPU = Debug|Any CPU
		Release|Any CPU = Release|Any CPU
		Description = Automate tasks using C#
	EndGlobalSection
	GlobalSection(ProjectConfigurationPlatforms) = postSolution
		{64393A7E-91D3-40B7-A470-D5F27E41BAC4}.Debug|Any CPU.ActiveCfg = Debug|Any CPU
		{64393A7E-91D3-40B7-A470-D5F27E41BAC4}.Debug|Any CPU.Build.0 = Debug|Any CPU
		{64393A7E-91D3-40B7-A470-D5F27E41BAC4}.Release|Any CPU.ActiveCfg = Release|Any CPU
		{64393A7E-91D3-40B7-A470-D5F27E41BAC4}.Release|Any CPU.Build.0 = Release|Any CPU
	EndGlobalSection
	GlobalSection(SolutionProperties) = preSolution
		HideSolutionNode = FALSE
	EndGlobalSection
	GlobalSection(ExtensibilityGlobals) = postSolution
		SolutionGuid = {C9D673E8-1D80-4777-98D1-8FBB59F54AB4}
	EndGlobalSection
EndGlobal
